// !$*UTF8*$!
{
	archiveVersion = 1;
	classes = {
	};
	objectVersion = 46;
	objects = {

/* Begin PBXBuildFile section */
		65BE84D11EA78E0C00B1B69D /* AppDelegate.swift in Sources */ = {isa = PBXBuildFile; fileRef = 65BE84D01EA78E0C00B1B69D /* AppDelegate.swift */; };
		65BE84D31EA78E0C00B1B69D /* ViewController.swift in Sources */ = {isa = PBXBuildFile; fileRef = 65BE84D21EA78E0C00B1B69D /* ViewController.swift */; };
		65BE84D51EA78E0C00B1B69D /* Assets.xcassets in Resources */ = {isa = PBXBuildFile; fileRef = 65BE84D41EA78E0C00B1B69D /* Assets.xcassets */; };
		65BE84D81EA78E0C00B1B69D /* Main.storyboard in Resources */ = {isa = PBXBuildFile; fileRef = 65BE84D61EA78E0C00B1B69D /* Main.storyboard */; };
		7983A6A893B7DF58715A4F1E /* Pods_Gong_macOS.framework in Frameworks */ = {isa = PBXBuildFile; fileRef = AE92B541E37AE9EED0B34BBE /* Pods_Gong_macOS.framework */; };
/* End PBXBuildFile section */

/* Begin PBXFileReference section */
		65BE84CD1EA78E0C00B1B69D /* Gong-macOS.app */ = {isa = PBXFileReference; explicitFileType = wrapper.application; includeInIndex = 0; path = "Gong-macOS.app"; sourceTree = BUILT_PRODUCTS_DIR; };
		65BE84D01EA78E0C00B1B69D /* AppDelegate.swift */ = {isa = PBXFileReference; lastKnownFileType = sourcecode.swift; path = AppDelegate.swift; sourceTree = "<group>"; };
		65BE84D21EA78E0C00B1B69D /* ViewController.swift */ = {isa = PBXFileReference; lastKnownFileType = sourcecode.swift; path = ViewController.swift; sourceTree = "<group>"; };
		65BE84D41EA78E0C00B1B69D /* Assets.xcassets */ = {isa = PBXFileReference; lastKnownFileType = folder.assetcatalog; path = Assets.xcassets; sourceTree = "<group>"; };
		65BE84D71EA78E0C00B1B69D /* Base */ = {isa = PBXFileReference; lastKnownFileType = file.storyboard; name = Base; path = Base.lproj/Main.storyboard; sourceTree = "<group>"; };
		65BE84D91EA78E0C00B1B69D /* Info.plist */ = {isa = PBXFileReference; lastKnownFileType = text.plist.xml; path = Info.plist; sourceTree = "<group>"; };
		AE92B541E37AE9EED0B34BBE /* Pods_Gong_macOS.framework */ = {isa = PBXFileReference; explicitFileType = wrapper.framework; includeInIndex = 0; path = Pods_Gong_macOS.framework; sourceTree = BUILT_PRODUCTS_DIR; };
		C4DAFE54A477D15A7CAC2CED /* Pods-Gong-macOS.release.xcconfig */ = {isa = PBXFileReference; includeInIndex = 1; lastKnownFileType = text.xcconfig; name = "Pods-Gong-macOS.release.xcconfig"; path = "Target Support Files/Pods-Gong-macOS/Pods-Gong-macOS.release.xcconfig"; sourceTree = "<group>"; };
		DCB2BE1650BE568256C4E5DC /* Pods-Gong-macOS.debug.xcconfig */ = {isa = PBXFileReference; includeInIndex = 1; lastKnownFileType = text.xcconfig; name = "Pods-Gong-macOS.debug.xcconfig"; path = "Target Support Files/Pods-Gong-macOS/Pods-Gong-macOS.debug.xcconfig"; sourceTree = "<group>"; };
/* End PBXFileReference section */

/* Begin PBXFrameworksBuildPhase section */
		65BE84CA1EA78E0C00B1B69D /* Frameworks */ = {
			isa = PBXFrameworksBuildPhase;
			buildActionMask = 2147483647;
			files = (
				7983A6A893B7DF58715A4F1E /* Pods_Gong_macOS.framework in Frameworks */,
			);
			runOnlyForDeploymentPostprocessing = 0;
		};
/* End PBXFrameworksBuildPhase section */

/* Begin PBXGroup section */
		3CEB9773BCC6F9E3BF1C1AE0 /* Pods */ = {
			isa = PBXGroup;
			children = (
				DCB2BE1650BE568256C4E5DC /* Pods-Gong-macOS.debug.xcconfig */,
				C4DAFE54A477D15A7CAC2CED /* Pods-Gong-macOS.release.xcconfig */,
			);
			path = Pods;
			sourceTree = "<group>";
		};
		65BE84C41EA78E0C00B1B69D = {
			isa = PBXGroup;
			children = (
				65BE84CF1EA78E0C00B1B69D /* Gong-macOS */,
				65BE84CE1EA78E0C00B1B69D /* Products */,
				3CEB9773BCC6F9E3BF1C1AE0 /* Pods */,
				D9AB181FA689C5A257478E0F /* Frameworks */,
			);
			sourceTree = "<group>";
		};
		65BE84CE1EA78E0C00B1B69D /* Products */ = {
			isa = PBXGroup;
			children = (
				65BE84CD1EA78E0C00B1B69D /* Gong-macOS.app */,
			);
			name = Products;
			sourceTree = "<group>";
		};
		65BE84CF1EA78E0C00B1B69D /* Gong-macOS */ = {
			isa = PBXGroup;
			children = (
				65BE84D01EA78E0C00B1B69D /* AppDelegate.swift */,
				65BE84D21EA78E0C00B1B69D /* ViewController.swift */,
				65BE84D41EA78E0C00B1B69D /* Assets.xcassets */,
				65BE84D61EA78E0C00B1B69D /* Main.storyboard */,
				65BE84D91EA78E0C00B1B69D /* Info.plist */,
			);
			path = "Gong-macOS";
			sourceTree = "<group>";
		};
		D9AB181FA689C5A257478E0F /* Frameworks */ = {
			isa = PBXGroup;
			children = (
				AE92B541E37AE9EED0B34BBE /* Pods_Gong_macOS.framework */,
			);
			name = Frameworks;
			sourceTree = "<group>";
		};
/* End PBXGroup section */

/* Begin PBXNativeTarget section */
		65BE84CC1EA78E0C00B1B69D /* Gong-macOS */ = {
			isa = PBXNativeTarget;
			buildConfigurationList = 65BE84DC1EA78E0C00B1B69D /* Build configuration list for PBXNativeTarget "Gong-macOS" */;
			buildPhases = (
				01245E20759B78B731B2A1A0 /* [CP] Check Pods Manifest.lock */,
				65BE84C91EA78E0C00B1B69D /* Sources */,
				65BE84CA1EA78E0C00B1B69D /* Frameworks */,
				65BE84CB1EA78E0C00B1B69D /* Resources */,
				0B2AA80F1670478DBEFA08EB /* [CP] Embed Pods Frameworks */,
			);
			buildRules = (
			);
			dependencies = (
			);
			name = "Gong-macOS";
			productName = "Gong-macOS";
			productReference = 65BE84CD1EA78E0C00B1B69D /* Gong-macOS.app */;
			productType = "com.apple.product-type.application";
		};
/* End PBXNativeTarget section */

/* Begin PBXProject section */
		65BE84C51EA78E0C00B1B69D /* Project object */ = {
			isa = PBXProject;
			attributes = {
				LastSwiftUpdateCheck = 0830;
				LastUpgradeCheck = 1150;
				ORGANIZATIONNAME = "Daniel Clelland";
				TargetAttributes = {
					65BE84CC1EA78E0C00B1B69D = {
						CreatedOnToolsVersion = 8.3;
						DevelopmentTeam = SP382Y6YUY;
						LastSwiftMigration = 1150;
						ProvisioningStyle = Automatic;
					};
				};
			};
			buildConfigurationList = 65BE84C81EA78E0C00B1B69D /* Build configuration list for PBXProject "Gong-macOS" */;
			compatibilityVersion = "Xcode 3.2";
			developmentRegion = English;
			hasScannedForEncodings = 0;
			knownRegions = (
				English,
				en,
				Base,
			);
			mainGroup = 65BE84C41EA78E0C00B1B69D;
			productRefGroup = 65BE84CE1EA78E0C00B1B69D /* Products */;
			projectDirPath = "";
			projectRoot = "";
			targets = (
				65BE84CC1EA78E0C00B1B69D /* Gong-macOS */,
			);
		};
/* End PBXProject section */

/* Begin PBXResourcesBuildPhase section */
		65BE84CB1EA78E0C00B1B69D /* Resources */ = {
			isa = PBXResourcesBuildPhase;
			buildActionMask = 2147483647;
			files = (
				65BE84D51EA78E0C00B1B69D /* Assets.xcassets in Resources */,
				65BE84D81EA78E0C00B1B69D /* Main.storyboard in Resources */,
			);
			runOnlyForDeploymentPostprocessing = 0;
		};
/* End PBXResourcesBuildPhase section */

/* Begin PBXShellScriptBuildPhase section */
		01245E20759B78B731B2A1A0 /* [CP] Check Pods Manifest.lock */ = {
			isa = PBXShellScriptBuildPhase;
			buildActionMask = 2147483647;
			files = (
			);
			inputFileListPaths = (
			);
			inputPaths = (
				"${PODS_PODFILE_DIR_PATH}/Podfile.lock",
				"${PODS_ROOT}/Manifest.lock",
			);
			name = "[CP] Check Pods Manifest.lock";
			outputFileListPaths = (
			);
			outputPaths = (
				"$(DERIVED_FILE_DIR)/Pods-Gong-macOS-checkManifestLockResult.txt",
			);
			runOnlyForDeploymentPostprocessing = 0;
			shellPath = /bin/sh;
			shellScript = "diff \"${PODS_PODFILE_DIR_PATH}/Podfile.lock\" \"${PODS_ROOT}/Manifest.lock\" > /dev/null\nif [ $? != 0 ] ; then\n    # print error to STDERR\n    echo \"error: The sandbox is not in sync with the Podfile.lock. Run 'pod install' or update your CocoaPods installation.\" >&2\n    exit 1\nfi\n# This output is used by Xcode 'outputs' to avoid re-running this script phase.\necho \"SUCCESS\" > \"${SCRIPT_OUTPUT_FILE_0}\"\n";
			showEnvVarsInLog = 0;
		};
		0B2AA80F1670478DBEFA08EB /* [CP] Embed Pods Frameworks */ = {
			isa = PBXShellScriptBuildPhase;
			buildActionMask = 2147483647;
			files = (
			);
			inputPaths = (
				"${PODS_ROOT}/Target Support Files/Pods-Gong-macOS/Pods-Gong-macOS-frameworks.sh",
				"${BUILT_PRODUCTS_DIR}/Gong/Gong.framework",
			);
			name = "[CP] Embed Pods Frameworks";
			outputPaths = (
				"${TARGET_BUILD_DIR}/${FRAMEWORKS_FOLDER_PATH}/Gong.framework",
			);
			runOnlyForDeploymentPostprocessing = 0;
			shellPath = /bin/sh;
			shellScript = "\"${PODS_ROOT}/Target Support Files/Pods-Gong-macOS/Pods-Gong-macOS-frameworks.sh\"\n";
			showEnvVarsInLog = 0;
		};
/* End PBXShellScriptBuildPhase section */

/* Begin PBXSourcesBuildPhase section */
		65BE84C91EA78E0C00B1B69D /* Sources */ = {
			isa = PBXSourcesBuildPhase;
			buildActionMask = 2147483647;
			files = (
				65BE84D31EA78E0C00B1B69D /* ViewController.swift in Sources */,
				65BE84D11EA78E0C00B1B69D /* AppDelegate.swift in Sources */,
			);
			runOnlyForDeploymentPostprocessing = 0;
		};
/* End PBXSourcesBuildPhase section */

/* Begin PBXVariantGroup section */
		65BE84D61EA78E0C00B1B69D /* Main.storyboard */ = {
			isa = PBXVariantGroup;
			children = (
				65BE84D71EA78E0C00B1B69D /* Base */,
			);
			name = Main.storyboard;
			sourceTree = "<group>";
		};
/* End PBXVariantGroup section */

/* Begin XCBuildConfiguration section */
		65BE84DA1EA78E0C00B1B69D /* Debug */ = {
			isa = XCBuildConfiguration;
			buildSettings = {
				ALWAYS_SEARCH_USER_PATHS = NO;
				CLANG_ANALYZER_LOCALIZABILITY_NONLOCALIZED = YES;
				CLANG_ANALYZER_NONNULL = YES;
				CLANG_ANALYZER_NUMBER_OBJECT_CONVERSION = YES_AGGRESSIVE;
				CLANG_CXX_LANGUAGE_STANDARD = "gnu++0x";
				CLANG_CXX_LIBRARY = "libc++";
				CLANG_ENABLE_MODULES = YES;
				CLANG_ENABLE_OBJC_ARC = YES;
				CLANG_WARN_BLOCK_CAPTURE_AUTORELEASING = YES;
				CLANG_WARN_BOOL_CONVERSION = YES;
				CLANG_WARN_COMMA = YES;
				CLANG_WARN_CONSTANT_CONVERSION = YES;
				CLANG_WARN_DEPRECATED_OBJC_IMPLEMENTATIONS = YES;
				CLANG_WARN_DIRECT_OBJC_ISA_USAGE = YES_ERROR;
				CLANG_WARN_DOCUMENTATION_COMMENTS = YES;
				CLANG_WARN_EMPTY_BODY = YES;
				CLANG_WARN_ENUM_CONVERSION = YES;
				CLANG_WARN_INFINITE_RECURSION = YES;
				CLANG_WARN_INT_CONVERSION = YES;
				CLANG_WARN_NON_LITERAL_NULL_CONVERSION = YES;
				CLANG_WARN_OBJC_IMPLICIT_RETAIN_SELF = YES;
				CLANG_WARN_OBJC_LITERAL_CONVERSION = YES;
				CLANG_WARN_OBJC_ROOT_CLASS = YES_ERROR;
				CLANG_WARN_RANGE_LOOP_ANALYSIS = YES;
				CLANG_WARN_STRICT_PROTOTYPES = YES;
				CLANG_WARN_SUSPICIOUS_MOVE = YES;
				CLANG_WARN_UNREACHABLE_CODE = YES;
				CLANG_WARN__DUPLICATE_METHOD_MATCH = YES;
				CODE_SIGN_IDENTITY = "-";
				COPY_PHASE_STRIP = NO;
				DEBUG_INFORMATION_FORMAT = dwarf;
				ENABLE_STRICT_OBJC_MSGSEND = YES;
				ENABLE_TESTABILITY = YES;
				GCC_C_LANGUAGE_STANDARD = gnu99;
				GCC_DYNAMIC_NO_PIC = NO;
				GCC_NO_COMMON_BLOCKS = YES;
				GCC_OPTIMIZATION_LEVEL = 0;
				GCC_PREPROCESSOR_DEFINITIONS = (
					"DEBUG=1",
					"$(inherited)",
				);
				GCC_WARN_64_TO_32_BIT_CONVERSION = YES;
				GCC_WARN_ABOUT_RETURN_TYPE = YES_ERROR;
				GCC_WARN_UNDECLARED_SELECTOR = YES;
				GCC_WARN_UNINITIALIZED_AUTOS = YES_AGGRESSIVE;
				GCC_WARN_UNUSED_FUNCTION = YES;
				GCC_WARN_UNUSED_VARIABLE = YES;
				MACOSX_DEPLOYMENT_TARGET = 10.12;
				MTL_ENABLE_DEBUG_INFO = YES;
				ONLY_ACTIVE_ARCH = YES;
				SDKROOT = macosx;
				SWIFT_ACTIVE_COMPILATION_CONDITIONS = DEBUG;
				SWIFT_OPTIMIZATION_LEVEL = "-Onone";
			};
			name = Debug;
		};
		65BE84DB1EA78E0C00B1B69D /* Release */ = {
			isa = XCBuildConfiguration;
			buildSettings = {
				ALWAYS_SEARCH_USER_PATHS = NO;
				CLANG_ANALYZER_LOCALIZABILITY_NONLOCALIZED = YES;
				CLANG_ANALYZER_NONNULL = YES;
				CLANG_ANALYZER_NUMBER_OBJECT_CONVERSION = YES_AGGRESSIVE;
				CLANG_CXX_LANGUAGE_STANDARD = "gnu++0x";
				CLANG_CXX_LIBRARY = "libc++";
				CLANG_ENABLE_MODULES = YES;
				CLANG_ENABLE_OBJC_ARC = YES;
				CLANG_WARN_BLOCK_CAPTURE_AUTORELEASING = YES;
				CLANG_WARN_BOOL_CONVERSION = YES;
				CLANG_WARN_COMMA = YES;
				CLANG_WARN_CONSTANT_CONVERSION = YES;
				CLANG_WARN_DEPRECATED_OBJC_IMPLEMENTATIONS = YES;
				CLANG_WARN_DIRECT_OBJC_ISA_USAGE = YES_ERROR;
				CLANG_WARN_DOCUMENTATION_COMMENTS = YES;
				CLANG_WARN_EMPTY_BODY = YES;
				CLANG_WARN_ENUM_CONVERSION = YES;
				CLANG_WARN_INFINITE_RECURSION = YES;
				CLANG_WARN_INT_CONVERSION = YES;
				CLANG_WARN_NON_LITERAL_NULL_CONVERSION = YES;
				CLANG_WARN_OBJC_IMPLICIT_RETAIN_SELF = YES;
				CLANG_WARN_OBJC_LITERAL_CONVERSION = YES;
				CLANG_WARN_OBJC_ROOT_CLASS = YES_ERROR;
				CLANG_WARN_RANGE_LOOP_ANALYSIS = YES;
				CLANG_WARN_STRICT_PROTOTYPES = YES;
				CLANG_WARN_SUSPICIOUS_MOVE = YES;
				CLANG_WARN_UNREACHABLE_CODE = YES;
				CLANG_WARN__DUPLICATE_METHOD_MATCH = YES;
				CODE_SIGN_IDENTITY = "-";
				COPY_PHASE_STRIP = NO;
				DEBUG_INFORMATION_FORMAT = "dwarf-with-dsym";
				ENABLE_NS_ASSERTIONS = NO;
				ENABLE_STRICT_OBJC_MSGSEND = YES;
				GCC_C_LANGUAGE_STANDARD = gnu99;
				GCC_NO_COMMON_BLOCKS = YES;
				GCC_WARN_64_TO_32_BIT_CONVERSION = YES;
				GCC_WARN_ABOUT_RETURN_TYPE = YES_ERROR;
				GCC_WARN_UNDECLARED_SELECTOR = YES;
				GCC_WARN_UNINITIALIZED_AUTOS = YES_AGGRESSIVE;
				GCC_WARN_UNUSED_FUNCTION = YES;
				GCC_WARN_UNUSED_VARIABLE = YES;
				MACOSX_DEPLOYMENT_TARGET = 10.12;
				MTL_ENABLE_DEBUG_INFO = NO;
				SDKROOT = macosx;
				SWIFT_OPTIMIZATION_LEVEL = "-Owholemodule";
			};
			name = Release;
		};
		65BE84DD1EA78E0C00B1B69D /* Debug */ = {
			isa = XCBuildConfiguration;
			baseConfigurationReference = DCB2BE1650BE568256C4E5DC /* Pods-Gong-macOS.debug.xcconfig */;
			buildSettings = {
				ALWAYS_EMBED_SWIFT_STANDARD_LIBRARIES = YES;
				ASSETCATALOG_COMPILER_APPICON_NAME = AppIcon;
				CODE_SIGN_IDENTITY = "-";
				COMBINE_HIDPI_IMAGES = YES;
				DEVELOPMENT_TEAM = SP382Y6YUY;
				INFOPLIST_FILE = "Gong-macOS/Info.plist";
				LD_RUNPATH_SEARCH_PATHS = "$(inherited) @executable_path/../Frameworks";
				PRODUCT_BUNDLE_IDENTIFIER = "com.protonome.Gong-macOS";
				PRODUCT_NAME = "$(TARGET_NAME)";
				SWIFT_VERSION = 5.0;
			};
			name = Debug;
		};
		65BE84DE1EA78E0C00B1B69D /* Release */ = {
			isa = XCBuildConfiguration;
			baseConfigurationReference = C4DAFE54A477D15A7CAC2CED /* Pods-Gong-macOS.release.xcconfig */;
			buildSettings = {
				ALWAYS_EMBED_SWIFT_STANDARD_LIBRARIES = YES;
				ASSETCATALOG_COMPILER_APPICON_NAME = AppIcon;
				CODE_SIGN_IDENTITY = "-";
				COMBINE_HIDPI_IMAGES = YES;
				DEVELOPMENT_TEAM = SP382Y6YUY;
				INFOPLIST_FILE = "Gong-macOS/Info.plist";
				LD_RUNPATH_SEARCH_PATHS = "$(inherited) @executable_path/../Frameworks";
				PRODUCT_BUNDLE_IDENTIFIER = "com.protonome.Gong-macOS";
				PRODUCT_NAME = "$(TARGET_NAME)";
				SWIFT_VERSION = 5.0;
			};
			name = Release;
		};
/* End XCBuildConfiguration section */

/* Begin XCConfigurationList section */
		65BE84C81EA78E0C00B1B69D /* Build configuration list for PBXProject "Gong-macOS" */ = {
			isa = XCConfigurationList;
			buildConfigurations = (
				65BE84DA1EA78E0C00B1B69D /* Debug */,
				65BE84DB1EA78E0C00B1B69D /* Release */,
			);
			defaultConfigurationIsVisible = 0;
			defaultConfigurationName = Release;
		};
		65BE84DC1EA78E0C00B1B69D /* Build configuration list for PBXNativeTarget "Gong-macOS" */ = {
			isa = XCConfigurationList;
			buildConfigurations = (
				65BE84DD1EA78E0C00B1B69D /* Debug */,
				65BE84DE1EA78E0C00B1B69D /* Release */,
			);
			defaultConfigurationIsVisible = 0;
			defaultConfigurationName = Release;
		};
/* End XCConfigurationList section */
	};
	rootObject = 65BE84C51EA78E0C00B1B69D /* Project object */;
}
