PODS:
  - Gong (1.0.0):
    - Gong/Core (= 1.0.0)
    - Gong/Events (= 1.0.0)
    - Gong/Sequencing (= 1.0.0)
  - Gong/Core (1.0.0)
  - Gong/Events (1.0.0):
    - Gong/Core
  - Gong/Sequencing (1.0.0):
    - Gong/Events

DEPENDENCIES:
  - Gong (from `../../`)

EXTERNAL SOURCES:
  Gong:
    :path: ../../

SPEC CHECKSUMS:
  Gong: d99fea5126c5d572a4355b3b21b4afa051c476a5

PODFILE CHECKSUM: e52aaa1c46b54d4094c9ec8534850e79782eb182

COCOAPODS: 1.3.1
