PODS:
  - Gong (1.2.1):
    - Gong/Constants (= 1.2.1)
    - Gong/Core (= 1.2.1)
    - Gong/Events (= 1.2.1)
  - Gong/Constants (1.2.1)
  - Gong/Core (1.2.1)
  - Gong/Events (1.2.1):
    - Gong/Core

DEPENDENCIES:
  - Gong (from `../../`)

EXTERNAL SOURCES:
  Gong:
    :path: "../../"

SPEC CHECKSUMS:
  Gong: 049a090e5b5d5da9ef431d145743cc73afbfb168

PODFILE CHECKSUM: e52aaa1c46b54d4094c9ec8534850e79782eb182

COCOAPODS: 1.8.3
