PODS:
  - Gong (0.1.0):
    - Gong/Core (= 0.1.0)
    - Gong/Events (= 0.1.0)
  - Gong/Core (0.1.0)
  - Gong/Events (0.1.0):
    - Gong/Core

DEPENDENCIES:
  - Gong (from `../../`)

EXTERNAL SOURCES:
  Gong:
    :path: ../../

SPEC CHECKSUMS:
  Gong: 4434c479fa3c144829e6d7bd3d1d9f8a6165eca4

PODFILE CHECKSUM: e52aaa1c46b54d4094c9ec8534850e79782eb182

COCOAPODS: 1.1.1
